# THIS IS AN AUTOGENERATED FILE. DO NOT EDIT THIS FILE DIRECTLY.
# yarn lockfile v1


source-list-map@^2.0.0:
  version "2.0.0"
  resolved "http://artifactory-slc.oraclecorp.com/artifactory/api/npm/npm-virtual/source-list-map/-/source-list-map-2.0.0.tgz#aaa47403f7b245a92fbc97ea08f250d6087ed085"

source-map@~0.6.1:
  version "0.6.1"
  resolved "http://artifactory-slc.oraclecorp.com/artifactory/api/npm/npm-virtual/source-map/-/source-map-0.6.1.tgz#74722af32e9614e9c287a8d0bbde48b5e2f1a263"

webpack-sources@^1.1.0:
  version "1.1.0"
  resolved "http://artifactory-slc.oraclecorp.com/artifactory/api/npm/npm-virtual/webpack-sources/-/webpack-sources-1.1.0.tgz#a101ebae59d6507354d71d8013950a3a8b7a5a54"
  dependencies:
    source-list-map "^2.0.0"
    source-map "~0.6.1"
